
Microsoft Visual Studio Solution File, Format Version 12.00
# Visual Studio Version 16
VisualStudioVersion = 16.0.30204.135
MinimumVisualStudioVersion = 10.0.40219.1
Project("{9A19103F-16F7-4668-BE54-9A1E7A4F7556}") = "CannedBytes", "CannedBytes\CannedBytes.csproj", "{20DB4F2E-5F52-4818-AD8A-62524FEAFAD8}"
EndProject
Project("{9A19103F-16F7-4668-BE54-9A1E7A4F7556}") = "CannedBytes.Media", "CannedBytes.Media\CannedBytes.Media.csproj", "{36201C05-8459-4FC9-BAED-E7C0B936467E}"
EndProject
Project("{9A19103F-16F7-4668-BE54-9A1E7A4F7556}") = "CannedBytes.Media.IO", "CannedBytes.Media.IO\CannedBytes.Media.IO.csproj", "{364BB850-408C-4DB5-AEFB-7CE005F6DCA0}"
EndProject
Project("{9A19103F-16F7-4668-BE54-9A1E7A4F7556}") = "CannedBytes.Media.IO.UnitTests", "CannedBytes.Media.IO.UnitTests\CannedBytes.Media.IO.UnitTests.csproj", "{332D614D-A5CD-4551-A2F1-91A98E44976C}"
EndProject
Project("{9A19103F-16F7-4668-BE54-9A1E7A4F7556}") = "CannedBytes.Media.UnitTests", "CannedBytes.Media.UnitTests\CannedBytes.Media.UnitTests.csproj", "{A1B4F075-C62E-4F84-9388-1867DFF791EE}"
EndProject
Project("{2150E333-8FDC-42A3-9474-1A3956D46DE8}") = "Build", "Build", "{4B1942A5-6A63-41E4-8564-5B8FA18611C7}"
	ProjectSection(SolutionItems) = preProject
		push-test.cmd = push-test.cmd
		..\..\.github\workflows\release-ci.yml = ..\..\.github\workflows\release-ci.yml
	EndProjectSection
EndProject
Global
	GlobalSection(SolutionConfigurationPlatforms) = preSolution
		Debug|Any CPU = Debug|Any CPU
		Release|Any CPU = Release|Any CPU
	EndGlobalSection
	GlobalSection(ProjectConfigurationPlatforms) = postSolution
		{20DB4F2E-5F52-4818-AD8A-62524FEAFAD8}.Debug|Any CPU.ActiveCfg = Debug|Any CPU
		{20DB4F2E-5F52-4818-AD8A-62524FEAFAD8}.Debug|Any CPU.Build.0 = Debug|Any CPU
		{20DB4F2E-5F52-4818-AD8A-62524FEAFAD8}.Release|Any CPU.ActiveCfg = Release|Any CPU
		{20DB4F2E-5F52-4818-AD8A-62524FEAFAD8}.Release|Any CPU.Build.0 = Release|Any CPU
		{36201C05-8459-4FC9-BAED-E7C0B936467E}.Debug|Any CPU.ActiveCfg = Debug|Any CPU
		{36201C05-8459-4FC9-BAED-E7C0B936467E}.Debug|Any CPU.Build.0 = Debug|Any CPU
		{36201C05-8459-4FC9-BAED-E7C0B936467E}.Release|Any CPU.ActiveCfg = Release|Any CPU
		{36201C05-8459-4FC9-BAED-E7C0B936467E}.Release|Any CPU.Build.0 = Release|Any CPU
		{364BB850-408C-4DB5-AEFB-7CE005F6DCA0}.Debug|Any CPU.ActiveCfg = Debug|Any CPU
		{364BB850-408C-4DB5-AEFB-7CE005F6DCA0}.Debug|Any CPU.Build.0 = Debug|Any CPU
		{364BB850-408C-4DB5-AEFB-7CE005F6DCA0}.Release|Any CPU.ActiveCfg = Release|Any CPU
		{364BB850-408C-4DB5-AEFB-7CE005F6DCA0}.Release|Any CPU.Build.0 = Release|Any CPU
		{332D614D-A5CD-4551-A2F1-91A98E44976C}.Debug|Any CPU.ActiveCfg = Debug|Any CPU
		{332D614D-A5CD-4551-A2F1-91A98E44976C}.Debug|Any CPU.Build.0 = Debug|Any CPU
		{332D614D-A5CD-4551-A2F1-91A98E44976C}.Release|Any CPU.ActiveCfg = Release|Any CPU
		{332D614D-A5CD-4551-A2F1-91A98E44976C}.Release|Any CPU.Build.0 = Release|Any CPU
		{A1B4F075-C62E-4F84-9388-1867DFF791EE}.Debug|Any CPU.ActiveCfg = Debug|Any CPU
		{A1B4F075-C62E-4F84-9388-1867DFF791EE}.Debug|Any CPU.Build.0 = Debug|Any CPU
		{A1B4F075-C62E-4F84-9388-1867DFF791EE}.Release|Any CPU.ActiveCfg = Release|Any CPU
		{A1B4F075-C62E-4F84-9388-1867DFF791EE}.Release|Any CPU.Build.0 = Release|Any CPU
	EndGlobalSection
	GlobalSection(SolutionProperties) = preSolution
		HideSolutionNode = FALSE
	EndGlobalSection
	GlobalSection(ExtensibilityGlobals) = postSolution
		SolutionGuid = {C6165614-E26B-4ED0-9FE9-13CA2C1F3600}
	EndGlobalSection
EndGlobal
