
Microsoft Visual Studio Solution File, Format Version 11.00
# Visual Studio 2010
Project("{FAE04EC0-301F-11D3-BF4B-00C04F79EFBC}") = "CannedBytes", "CannedBytes\CannedBytes.csproj", "{0E918C72-D05F-45D2-A0A0-1271BEDC5FBC}"
EndProject
Global
	GlobalSection(TeamFoundationVersionControl) = preSolution
		SccNumberOfProjects = 2
		SccEnterpriseProvider = {4CA58AB2-18FA-4F8D-95D4-32DDF27D184C}
		SccTeamFoundationServer = https://tfs.codeplex.com/tfs/tfs01
		SccProjectUniqueName0 = CannedBytes\\CannedBytes.csproj
		SccProjectName0 = CannedBytes
		SccLocalPath0 = CannedBytes
		SccLocalPath1 = .
	EndGlobalSection
	GlobalSection(SolutionConfigurationPlatforms) = preSolution
		Debug|Any CPU = Debug|Any CPU
		Release|Any CPU = Release|Any CPU
	EndGlobalSection
	GlobalSection(ProjectConfigurationPlatforms) = postSolution
		{0E918C72-D05F-45D2-A0A0-1271BEDC5FBC}.Debug|Any CPU.ActiveCfg = Debug|Any CPU
		{0E918C72-D05F-45D2-A0A0-1271BEDC5FBC}.Debug|Any CPU.Build.0 = Debug|Any CPU
		{0E918C72-D05F-45D2-A0A0-1271BEDC5FBC}.Release|Any CPU.ActiveCfg = Release|Any CPU
		{0E918C72-D05F-45D2-A0A0-1271BEDC5FBC}.Release|Any CPU.Build.0 = Release|Any CPU
	EndGlobalSection
	GlobalSection(SolutionProperties) = preSolution
		HideSolutionNode = FALSE
	EndGlobalSection
EndGlobal
